
Microsoft Visual Studio Solution File, Format Version 12.00
# Visual Studio Version 16
VisualStudioVersion = 16.0.29613.14
MinimumVisualStudioVersion = 10.0.40219.1
Project("{FAE04EC0-301F-11D3-BF4B-00C04F79EFBC}") = "AtividadedeExame", "AtividadedeExame\AtividadedeExame.csproj", "{19A4DCF4-FE6D-4D88-BE83-9D1C0F4E0521}"
EndProject
Project("{FAE04EC0-301F-11D3-BF4B-00C04F79EFBC}") = "Modelo", "Modelo\Modelo.csproj", "{EDFBCF1E-C72B-4D6C-8D02-69B50F46EDBD}"
EndProject
Project("{FAE04EC0-301F-11D3-BF4B-00C04F79EFBC}") = "Persistencia", "Persistencia\Persistencia.csproj", "{76E40467-3D03-4663-B1AE-2E78266B295D}"
EndProject
Global
	GlobalSection(SolutionConfigurationPlatforms) = preSolution
		Debug|Any CPU = Debug|Any CPU
		Release|Any CPU = Release|Any CPU
	EndGlobalSection
	GlobalSection(ProjectConfigurationPlatforms) = postSolution
		{19A4DCF4-FE6D-4D88-BE83-9D1C0F4E0521}.Debug|Any CPU.ActiveCfg = Debug|Any CPU
		{19A4DCF4-FE6D-4D88-BE83-9D1C0F4E0521}.Debug|Any CPU.Build.0 = Debug|Any CPU
		{19A4DCF4-FE6D-4D88-BE83-9D1C0F4E0521}.Release|Any CPU.ActiveCfg = Release|Any CPU
		{19A4DCF4-FE6D-4D88-BE83-9D1C0F4E0521}.Release|Any CPU.Build.0 = Release|Any CPU
		{EDFBCF1E-C72B-4D6C-8D02-69B50F46EDBD}.Debug|Any CPU.ActiveCfg = Debug|Any CPU
		{EDFBCF1E-C72B-4D6C-8D02-69B50F46EDBD}.Debug|Any CPU.Build.0 = Debug|Any CPU
		{EDFBCF1E-C72B-4D6C-8D02-69B50F46EDBD}.Release|Any CPU.ActiveCfg = Release|Any CPU
		{EDFBCF1E-C72B-4D6C-8D02-69B50F46EDBD}.Release|Any CPU.Build.0 = Release|Any CPU
		{76E40467-3D03-4663-B1AE-2E78266B295D}.Debug|Any CPU.ActiveCfg = Debug|Any CPU
		{76E40467-3D03-4663-B1AE-2E78266B295D}.Debug|Any CPU.Build.0 = Debug|Any CPU
		{76E40467-3D03-4663-B1AE-2E78266B295D}.Release|Any CPU.ActiveCfg = Release|Any CPU
		{76E40467-3D03-4663-B1AE-2E78266B295D}.Release|Any CPU.Build.0 = Release|Any CPU
	EndGlobalSection
	GlobalSection(SolutionProperties) = preSolution
		HideSolutionNode = FALSE
	EndGlobalSection
	GlobalSection(ExtensibilityGlobals) = postSolution
		SolutionGuid = {0B86BEF7-4339-4F5F-940F-2F3FAD286F96}
	EndGlobalSection
EndGlobal
